{
  "nodes": {
    "dt": {
      "inputs": {
        "flake-utils": "flake-utils",
        "nixpkgs": [
          "nixpkgs"
        ]
      },
      "locked": {
        "lastModified": 1721116905,
        "narHash": "sha256-pfTlOMJpOPbXZaJJvOKDUyCZxFHNLRRUteJFWT9IKOU=",
        "owner": "so-dang-cool",
        "repo": "dt",
        "rev": "0d16ca2867131e99a93a412231465cf68f2e594f",
        "type": "github"
      },
      "original": {
        "owner": "so-dang-cool",
        "repo": "dt",
        "type": "github"
      }
    },
    "emacs-overlay": {
      "inputs": {
        "nixpkgs": "nixpkgs",
        "nixpkgs-stable": "nixpkgs-stable"
      },
      "locked": {
        "lastModified": 1739036350,
        "narHash": "sha256-YVCJkLHNrOH3VjGwQZBsj2ungjwQauXyfGHvEg+AjJ4=",
        "owner": "nix-community",
        "repo": "emacs-overlay",
        "rev": "0bfadcfd92855d3eb7e5c6401aff2ba348b1e7b7",
        "type": "github"
      },
      "original": {
        "owner": "nix-community",
        "repo": "emacs-overlay",
        "type": "github"
      }
    },
    "fenix": {
      "inputs": {
        "nixpkgs": [
          "fh",
          "nixpkgs"
        ],
        "rust-analyzer-src": "rust-analyzer-src"
      },
      "locked": {
        "lastModified": 1727764514,
        "narHash": "sha256-tvN9v5gTxLI5zOKsNvYl1aUxIitHm8Nj3vKdXNfJo50=",
        "rev": "a9d2e5fa8d77af05240230c9569bbbddd28ccfaf",
        "revCount": 2029,
        "type": "tarball",
        "url": "https://api.flakehub.com/f/pinned/nix-community/fenix/0.1.2029%2Brev-a9d2e5fa8d77af05240230c9569bbbddd28ccfaf/01924729-44b5-7df4-a70d-d5e64656e243/source.tar.gz"
      },
      "original": {
        "type": "tarball",
        "url": "https://flakehub.com/f/nix-community/fenix/0.1.1584.tar.gz"
      }
    },
    "fh": {
      "inputs": {
        "fenix": "fenix",
        "naersk": "naersk",
        "nixpkgs": "nixpkgs_2"
      },
      "locked": {
        "lastModified": 1733503187,
        "narHash": "sha256-EepDB25iZ8li+fGwhqOqg7XipFBishv4SvcDE2FE+is=",
        "rev": "47747e4d3948aecca3f9728f95a2184031382ae7",
        "revCount": 649,
        "type": "tarball",
        "url": "https://api.flakehub.com/f/pinned/DeterminateSystems/fh/0.1.21/01939cd9-0100-787a-b2e7-3c5db5c31b04/source.tar.gz"
      },
      "original": {
        "type": "tarball",
        "url": "https://api.flakehub.com/f/DeterminateSystems/fh/0.1.%2A.tar.gz"
      }
    },
    "flake-parts": {
      "inputs": {
        "nixpkgs-lib": "nixpkgs-lib"
      },
      "locked": {
        "lastModified": 1738453229,
        "narHash": "sha256-7H9XgNiGLKN1G1CgRh0vUL4AheZSYzPm+zmZ7vxbJdo=",
        "owner": "hercules-ci",
        "repo": "flake-parts",
        "rev": "32ea77a06711b758da0ad9bd6a844c5740a87abd",
        "type": "github"
      },
      "original": {
        "owner": "hercules-ci",
        "repo": "flake-parts",
        "type": "github"
      }
    },
    "flake-parts_2": {
      "inputs": {
        "nixpkgs-lib": "nixpkgs-lib_2"
      },
      "locked": {
        "lastModified": 1709336216,
        "narHash": "sha256-Dt/wOWeW6Sqm11Yh+2+t0dfEWxoMxGBvv3JpIocFl9E=",
        "owner": "hercules-ci",
        "repo": "flake-parts",
        "rev": "f7b3c975cf067e56e7cda6cb098ebe3fb4d74ca2",
        "type": "github"
      },
      "original": {
        "owner": "hercules-ci",
        "repo": "flake-parts",
        "type": "github"
      }
    },
    "flake-utils": {
      "inputs": {
        "systems": "systems"
      },
      "locked": {
        "lastModified": 1694529238,
        "narHash": "sha256-zsNZZGTGnMOf9YpHKJqMSsa0dXbfmxeoJ7xHlrt+xmY=",
        "owner": "numtide",
        "repo": "flake-utils",
        "rev": "ff7b65b44d01cf9ba6a71320833626af21126384",
        "type": "github"
      },
      "original": {
        "owner": "numtide",
        "repo": "flake-utils",
        "type": "github"
      }
    },
    "flake-utils_2": {
      "inputs": {
        "systems": "systems_2"
      },
      "locked": {
        "lastModified": 1731533236,
        "narHash": "sha256-l0KFg5HjrsfsO/JpG+r7fRrqm12kzFHyUHqHCVpMMbI=",
        "rev": "11707dc2f618dd54ca8739b309ec4fc024de578b",
        "revCount": 102,
        "type": "tarball",
        "url": "https://api.flakehub.com/f/pinned/numtide/flake-utils/0.1.102%2Brev-11707dc2f618dd54ca8739b309ec4fc024de578b/0193276d-5b8f-7dbc-acf1-41cb7b54ad2e/source.tar.gz"
      },
      "original": {
        "type": "tarball",
        "url": "https://api.flakehub.com/f/numtide/flake-utils/0.1.%2A.tar.gz"
      }
    },
    "home-manager": {
      "inputs": {
        "nixpkgs": [
          "nixpkgs"
        ]
      },
      "locked": {
        "lastModified": 1739051380,
        "narHash": "sha256-p1QSLO8DJnANY+ppK7fjD8GqfCrEIDjso1CSRHsXL7Y=",
        "owner": "nix-community",
        "repo": "home-manager",
        "rev": "5af1b9a0f193ab6138b89a8e0af8763c21bbf491",
        "type": "github"
      },
      "original": {
        "owner": "nix-community",
        "repo": "home-manager",
        "type": "github"
      }
    },
    "mise": {
      "inputs": {
        "flake-utils": [
          "flake-utils"
        ],
        "nixpkgs": [
          "nixpkgs"
        ]
      },
      "locked": {
        "lastModified": 1739028664,
        "narHash": "sha256-MKaXLVykM18oSaIQyiU3c1E7e3hgX5s7w0GhU9fSZ7A=",
        "owner": "jdx",
        "repo": "mise",
        "rev": "032429ca36fd8c8ab9c351b2499a2e0de22798eb",
        "type": "github"
      },
      "original": {
        "owner": "jdx",
        "repo": "mise",
        "type": "github"
      }
    },
    "naersk": {
      "inputs": {
        "nixpkgs": [
          "fh",
          "nixpkgs"
        ]
      },
      "locked": {
        "lastModified": 1721727458,
        "narHash": "sha256-r/xppY958gmZ4oTfLiHN0ZGuQ+RSTijDblVgVLFi1mw=",
        "rev": "3fb418eaf352498f6b6c30592e3beb63df42ef11",
        "revCount": 345,
        "type": "tarball",
        "url": "https://api.flakehub.com/f/pinned/nix-community/naersk/0.1.345%2Brev-3fb418eaf352498f6b6c30592e3beb63df42ef11/0190def5-5fc0-7c65-9b14-61402f53cd47/source.tar.gz"
      },
      "original": {
        "type": "tarball",
        "url": "https://flakehub.com/f/nix-community/naersk/0.1.345.tar.gz"
      }
    },
    "nix-config-modules": {
      "inputs": {
        "flake-parts": "flake-parts_2",
        "nixpkgs": "nixpkgs_3",
        "systems": "systems_3"
      },
      "locked": {
        "lastModified": 1731516603,
        "narHash": "sha256-eEJqkMmlx0p2sYxr94uvzBWXjPILLC3oersWKXY5WRU=",
        "owner": "chadac",
        "repo": "nix-config-modules",
        "rev": "c68dac0a5f170b1a2f79bb8f3c63bbd7d92fb599",
        "type": "github"
      },
      "original": {
        "owner": "chadac",
        "repo": "nix-config-modules",
        "type": "github"
      }
    },
    "nix-github-actions": {
      "inputs": {
        "nixpkgs": [
          "poetry2nix",
          "nixpkgs"
        ]
      },
      "locked": {
        "lastModified": 1729742964,
        "narHash": "sha256-B4mzTcQ0FZHdpeWcpDYPERtyjJd/NIuaQ9+BV1h+MpA=",
        "owner": "nix-community",
        "repo": "nix-github-actions",
        "rev": "e04df33f62cdcf93d73e9a04142464753a16db67",
        "type": "github"
      },
      "original": {
        "owner": "nix-community",
        "repo": "nix-github-actions",
        "type": "github"
      }
    },
    "nixpkgs": {
      "locked": {
        "lastModified": 1738961098,
        "narHash": "sha256-yWNBf6VDW38tl179FEuJ0qukthVfB02kv+mRsfUsWC0=",
        "owner": "NixOS",
        "repo": "nixpkgs",
        "rev": "a3eaf5e8eca7cab680b964138fb79073704aca75",
        "type": "github"
      },
      "original": {
        "owner": "NixOS",
        "ref": "nixos-unstable",
        "repo": "nixpkgs",
        "type": "github"
      }
    },
    "nixpkgs-lib": {
      "locked": {
        "lastModified": 1738452942,
        "narHash": "sha256-vJzFZGaCpnmo7I6i416HaBLpC+hvcURh/BQwROcGIp8=",
        "type": "tarball",
        "url": "https://github.com/NixOS/nixpkgs/archive/072a6db25e947df2f31aab9eccd0ab75d5b2da11.tar.gz"
      },
      "original": {
        "type": "tarball",
        "url": "https://github.com/NixOS/nixpkgs/archive/072a6db25e947df2f31aab9eccd0ab75d5b2da11.tar.gz"
      }
    },
    "nixpkgs-lib_2": {
      "locked": {
        "dir": "lib",
        "lastModified": 1709237383,
        "narHash": "sha256-cy6ArO4k5qTx+l5o+0mL9f5fa86tYUX3ozE1S+Txlds=",
        "owner": "NixOS",
        "repo": "nixpkgs",
        "rev": "1536926ef5621b09bba54035ae2bb6d806d72ac8",
        "type": "github"
      },
      "original": {
        "dir": "lib",
        "owner": "NixOS",
        "ref": "nixos-unstable",
        "repo": "nixpkgs",
        "type": "github"
      }
    },
    "nixpkgs-stable": {
      "locked": {
        "lastModified": 1738843498,
        "narHash": "sha256-7x+Q4xgFj9UxZZO9aUDCR8h4vyYut4zPUvfj3i+jBHE=",
        "owner": "NixOS",
        "repo": "nixpkgs",
        "rev": "f5a32fa27df91dfc4b762671a0e0a859a8a0058f",
        "type": "github"
      },
      "original": {
        "owner": "NixOS",
        "ref": "nixos-24.11",
        "repo": "nixpkgs",
        "type": "github"
      }
    },
    "nixpkgs_2": {
      "locked": {
        "lastModified": 1732981179,
        "narHash": "sha256-F7thesZPvAMSwjRu0K8uFshTk3ZZSNAsXTIFvXBT+34=",
        "rev": "62c435d93bf046a5396f3016472e8f7c8e2aed65",
        "revCount": 710050,
        "type": "tarball",
        "url": "https://api.flakehub.com/f/pinned/NixOS/nixpkgs/0.2411.710050%2Brev-62c435d93bf046a5396f3016472e8f7c8e2aed65/01938188-9ae4-7095-9c6e-c6e2ce4adf18/source.tar.gz"
      },
      "original": {
        "type": "tarball",
        "url": "https://flakehub.com/f/NixOS/nixpkgs/0.2411.%2A.tar.gz"
      }
    },
    "nixpkgs_3": {
      "locked": {
        "lastModified": 1710889954,
        "narHash": "sha256-Pr6F5Pmd7JnNEMHHmspZ0qVqIBVxyZ13ik1pJtm2QXk=",
        "owner": "NixOS",
        "repo": "nixpkgs",
        "rev": "7872526e9c5332274ea5932a0c3270d6e4724f3b",
        "type": "github"
      },
      "original": {
        "owner": "NixOS",
        "ref": "nixpkgs-unstable",
        "repo": "nixpkgs",
        "type": "github"
      }
    },
    "nixpkgs_4": {
      "locked": {
        "lastModified": 1739020877,
        "narHash": "sha256-mIvECo/NNdJJ/bXjNqIh8yeoSjVLAuDuTUzAo7dzs8Y=",
        "rev": "a79cfe0ebd24952b580b1cf08cd906354996d547",
        "revCount": 750629,
        "type": "tarball",
        "url": "https://api.flakehub.com/f/pinned/NixOS/nixpkgs/0.1.750629%2Brev-a79cfe0ebd24952b580b1cf08cd906354996d547/0194e6d9-ae76-740f-9d31-342bb2e68661/source.tar.gz"
      },
      "original": {
        "type": "tarball",
        "url": "https://api.flakehub.com/f/NixOS/nixpkgs/0.1.0.tar.gz"
      }
    },
    "poetry2nix": {
      "inputs": {
        "flake-utils": [
          "flake-utils"
        ],
        "nix-github-actions": "nix-github-actions",
        "nixpkgs": [
          "nixpkgs"
        ],
        "systems": "systems_4",
        "treefmt-nix": "treefmt-nix"
      },
      "locked": {
        "lastModified": 1738741221,
        "narHash": "sha256-UiTOA89yQV5YNlO1ZAp4IqJUGWOnTyBC83netvt8rQE=",
        "owner": "nix-community",
        "repo": "poetry2nix",
        "rev": "be1fe795035d3d36359ca9135b26dcc5321b31fb",
        "type": "github"
      },
      "original": {
        "owner": "nix-community",
        "repo": "poetry2nix",
        "type": "github"
      }
    },
    "root": {
      "inputs": {
        "dt": "dt",
        "emacs-overlay": "emacs-overlay",
        "fh": "fh",
        "flake-parts": "flake-parts",
        "flake-utils": "flake-utils_2",
        "home-manager": "home-manager",
        "mise": "mise",
        "nix-config-modules": "nix-config-modules",
        "nixpkgs": "nixpkgs_4",
        "poetry2nix": "poetry2nix",
        "zsh-256color": "zsh-256color"
      }
    },
    "rust-analyzer-src": {
      "flake": false,
      "locked": {
        "lastModified": 1727706011,
        "narHash": "sha256-xxgUHwwJ+1xQQoUWvLDo807IZ0MDldkfr9N1G4fvNJU=",
        "owner": "rust-lang",
        "repo": "rust-analyzer",
        "rev": "28830ff2f1158ee92f4852ef3ec35af0935d1562",
        "type": "github"
      },
      "original": {
        "owner": "rust-lang",
        "ref": "nightly",
        "repo": "rust-analyzer",
        "type": "github"
      }
    },
    "systems": {
      "locked": {
        "lastModified": 1681028828,
        "narHash": "sha256-Vy1rq5AaRuLzOxct8nz4T6wlgyUR7zLU309k9mBC768=",
        "owner": "nix-systems",
        "repo": "default",
        "rev": "da67096a3b9bf56a91d16901293e51ba5b49a27e",
        "type": "github"
      },
      "original": {
        "owner": "nix-systems",
        "repo": "default",
        "type": "github"
      }
    },
    "systems_2": {
      "locked": {
        "lastModified": 1681028828,
        "narHash": "sha256-Vy1rq5AaRuLzOxct8nz4T6wlgyUR7zLU309k9mBC768=",
        "owner": "nix-systems",
        "repo": "default",
        "rev": "da67096a3b9bf56a91d16901293e51ba5b49a27e",
        "type": "github"
      },
      "original": {
        "owner": "nix-systems",
        "repo": "default",
        "type": "github"
      }
    },
    "systems_3": {
      "locked": {
        "lastModified": 1681028828,
        "narHash": "sha256-Vy1rq5AaRuLzOxct8nz4T6wlgyUR7zLU309k9mBC768=",
        "owner": "nix-systems",
        "repo": "default",
        "rev": "da67096a3b9bf56a91d16901293e51ba5b49a27e",
        "type": "github"
      },
      "original": {
        "owner": "nix-systems",
        "repo": "default",
        "type": "github"
      }
    },
    "systems_4": {
      "locked": {
        "lastModified": 1681028828,
        "narHash": "sha256-Vy1rq5AaRuLzOxct8nz4T6wlgyUR7zLU309k9mBC768=",
        "owner": "nix-systems",
        "repo": "default",
        "rev": "da67096a3b9bf56a91d16901293e51ba5b49a27e",
        "type": "github"
      },
      "original": {
        "owner": "nix-systems",
        "repo": "default",
        "type": "github"
      }
    },
    "treefmt-nix": {
      "inputs": {
        "nixpkgs": [
          "poetry2nix",
          "nixpkgs"
        ]
      },
      "locked": {
        "lastModified": 1730120726,
        "narHash": "sha256-LqHYIxMrl/1p3/kvm2ir925tZ8DkI0KA10djk8wecSk=",
        "owner": "numtide",
        "repo": "treefmt-nix",
        "rev": "9ef337e492a5555d8e17a51c911ff1f02635be15",
        "type": "github"
      },
      "original": {
        "owner": "numtide",
        "repo": "treefmt-nix",
        "type": "github"
      }
    },
    "zsh-256color": {
      "flake": false,
      "locked": {
        "lastModified": 1663105634,
        "narHash": "sha256-P/pbpDJmsMSZkNi5GjVTDy7R+OxaIVZhb/bEnYQlaLo=",
        "owner": "chrissicool",
        "repo": "zsh-256color",
        "rev": "559fee48bb74b75cec8b9887f8f3e046f01d5d8f",
        "type": "github"
      },
      "original": {
        "owner": "chrissicool",
        "repo": "zsh-256color",
        "type": "github"
      }
    }
  },
  "root": "root",
  "version": 7
}
