{
  "nodes": {
    "dt": {
      "inputs": {
        "flake-utils": "flake-utils",
        "nixpkgs": [
          "nixpkgs"
        ],
        "systems": "systems"
      },
      "locked": {
        "lastModified": 1696524589,
        "narHash": "sha256-K+UlrE59WGerg1vOq9ejHsxAyoomhYwDBs0wTWn84Q0=",
        "owner": "so-dang-cool",
        "repo": "dt",
        "rev": "c3c53c5d09c10f4b4c2f444730f84494a3055eab",
        "type": "github"
      },
      "original": {
        "owner": "so-dang-cool",
        "repo": "dt",
        "type": "github"
      }
    },
    "emacs-overlay": {
      "inputs": {
        "flake-utils": [
          "flake-utils"
        ],
        "nixpkgs": "nixpkgs",
        "nixpkgs-stable": "nixpkgs-stable"
      },
      "locked": {
        "lastModified": 1696616940,
        "narHash": "sha256-q7dbd/GWJrQ2hSJFlSDsjFWfseR/OhjmisgeHNlhE7g=",
        "owner": "nix-community",
        "repo": "emacs-overlay",
        "rev": "54087a1b3a7ef51d0968bbfa7a700d2848ffae9c",
        "type": "github"
      },
      "original": {
        "owner": "nix-community",
        "repo": "emacs-overlay",
        "type": "github"
      }
    },
    "fenix": {
      "inputs": {
        "nixpkgs": [
          "fh",
          "nixpkgs"
        ],
        "rust-analyzer-src": "rust-analyzer-src"
      },
      "locked": {
        "narHash": "sha256-0dZpggYjjmWEk+rGixiBHOHuQfLzEzNfrtjSig04s6Q=",
        "rev": "9ccae1754eec0341b640d5705302ac0923d22875",
        "revCount": 1618,
        "type": "tarball",
        "url": "https://api.flakehub.com/f/pinned/nix-community/fenix/0.1.1618%2Brev-9ccae1754eec0341b640d5705302ac0923d22875/018aea4c-03c9-7734-95d5-b84cc8881e3d/source.tar.gz"
      },
      "original": {
        "type": "tarball",
        "url": "https://flakehub.com/f/nix-community/fenix/0.1.1565.tar.gz"
      }
    },
    "fh": {
      "inputs": {
        "fenix": "fenix",
        "flake-compat": "flake-compat",
        "naersk": "naersk",
        "nixpkgs": "nixpkgs_2"
      },
      "locked": {
        "narHash": "sha256-Pbw1yggqIzmY23DuxrmSSf9IbOy5olAqVWectq97j20=",
        "rev": "4cd8c02f1fdafceee67602203d9672ae1b256946",
        "revCount": 287,
        "type": "tarball",
        "url": "https://api.flakehub.com/f/pinned/DeterminateSystems/fh/0.1.6/018b00f0-e7c5-7bc1-9eff-4921edc6e8c6/source.tar.gz"
      },
      "original": {
        "type": "tarball",
        "url": "https://api.flakehub.com/f/DeterminateSystems/fh/0.1.%2A.tar.gz"
      }
    },
    "flake-compat": {
      "flake": false,
      "locked": {
        "lastModified": 1696426674,
        "narHash": "sha256-kvjfFW7WAETZlt09AgDn1MrtKzP7t90Vf7vypd3OL1U=",
        "owner": "edolstra",
        "repo": "flake-compat",
        "rev": "0f9255e01c2351cc7d116c072cb317785dd33b33",
        "type": "github"
      },
      "original": {
        "owner": "edolstra",
        "repo": "flake-compat",
        "type": "github"
      }
    },
    "flake-parts": {
      "inputs": {
        "nixpkgs-lib": "nixpkgs-lib"
      },
      "locked": {
        "lastModified": 1696343447,
        "narHash": "sha256-B2xAZKLkkeRFG5XcHHSXXcP7To9Xzr59KXeZiRf4vdQ=",
        "owner": "hercules-ci",
        "repo": "flake-parts",
        "rev": "c9afaba3dfa4085dbd2ccb38dfade5141e33d9d4",
        "type": "github"
      },
      "original": {
        "owner": "hercules-ci",
        "repo": "flake-parts",
        "type": "github"
      }
    },
    "flake-utils": {
      "inputs": {
        "systems": [
          "dt",
          "systems"
        ]
      },
      "locked": {
        "lastModified": 1694529238,
        "narHash": "sha256-zsNZZGTGnMOf9YpHKJqMSsa0dXbfmxeoJ7xHlrt+xmY=",
        "owner": "numtide",
        "repo": "flake-utils",
        "rev": "ff7b65b44d01cf9ba6a71320833626af21126384",
        "type": "github"
      },
      "original": {
        "owner": "numtide",
        "repo": "flake-utils",
        "type": "github"
      }
    },
    "flake-utils_2": {
      "inputs": {
        "systems": "systems_2"
      },
      "locked": {
        "narHash": "sha256-zsNZZGTGnMOf9YpHKJqMSsa0dXbfmxeoJ7xHlrt+xmY=",
        "rev": "ff7b65b44d01cf9ba6a71320833626af21126384",
        "revCount": 87,
        "type": "tarball",
        "url": "https://api.flakehub.com/f/pinned/numtide/flake-utils/0.1.87%2Brev-ff7b65b44d01cf9ba6a71320833626af21126384/018a8a74-649b-792e-a959-2f97793b1129/source.tar.gz"
      },
      "original": {
        "type": "tarball",
        "url": "https://api.flakehub.com/f/numtide/flake-utils/0.1.%2A.tar.gz"
      }
    },
    "home-manager": {
      "inputs": {
        "nixpkgs": [
          "nixpkgs"
        ]
      },
      "locked": {
        "narHash": "sha256-xSjMKdNR+q/3hdSPyg/LUMsZT/WIoUi8dcm5zT4SMUQ=",
        "rev": "68f7d8c0fb0bfc67d1916dd7f06288424360d43a",
        "revCount": 3051,
        "type": "tarball",
        "url": "https://api.flakehub.com/f/pinned/nix-community/home-manager/0.1.3051%2Brev-68f7d8c0fb0bfc67d1916dd7f06288424360d43a/018afe53-8017-7bd3-9bc6-6385382959e5/source.tar.gz"
      },
      "original": {
        "type": "tarball",
        "url": "https://api.flakehub.com/f/nix-community/home-manager/0.1.%2A.tar.gz"
      }
    },
    "naersk": {
      "inputs": {
        "nixpkgs": [
          "fh",
          "nixpkgs"
        ]
      },
      "locked": {
        "lastModified": 1694081375,
        "narHash": "sha256-vzJXOUnmkMCm3xw8yfPP5m8kypQ3BhAIRe4RRCWpzy8=",
        "owner": "nix-community",
        "repo": "naersk",
        "rev": "3f976d822b7b37fc6fb8e6f157c2dd05e7e94e89",
        "type": "github"
      },
      "original": {
        "owner": "nix-community",
        "repo": "naersk",
        "type": "github"
      }
    },
    "nix-github-actions": {
      "inputs": {
        "nixpkgs": [
          "poetry2nix",
          "nixpkgs"
        ]
      },
      "locked": {
        "lastModified": 1688870561,
        "narHash": "sha256-4UYkifnPEw1nAzqqPOTL2MvWtm3sNGw1UTYTalkTcGY=",
        "owner": "nix-community",
        "repo": "nix-github-actions",
        "rev": "165b1650b753316aa7f1787f3005a8d2da0f5301",
        "type": "github"
      },
      "original": {
        "owner": "nix-community",
        "repo": "nix-github-actions",
        "type": "github"
      }
    },
    "nixpkgs": {
      "locked": {
        "lastModified": 1696193975,
        "narHash": "sha256-mnQjUcYgp9Guu3RNVAB2Srr1TqKcPpRXmJf4LJk6KRY=",
        "owner": "NixOS",
        "repo": "nixpkgs",
        "rev": "fdd898f8f79e8d2f99ed2ab6b3751811ef683242",
        "type": "github"
      },
      "original": {
        "owner": "NixOS",
        "ref": "nixos-unstable",
        "repo": "nixpkgs",
        "type": "github"
      }
    },
    "nixpkgs-lib": {
      "locked": {
        "dir": "lib",
        "lastModified": 1696019113,
        "narHash": "sha256-X3+DKYWJm93DRSdC5M6K5hLqzSya9BjibtBsuARoPco=",
        "owner": "NixOS",
        "repo": "nixpkgs",
        "rev": "f5892ddac112a1e9b3612c39af1b72987ee5783a",
        "type": "github"
      },
      "original": {
        "dir": "lib",
        "owner": "NixOS",
        "ref": "nixos-unstable",
        "repo": "nixpkgs",
        "type": "github"
      }
    },
    "nixpkgs-stable": {
      "locked": {
        "lastModified": 1696374741,
        "narHash": "sha256-gt8B3G0ryizT9HSB4cCO8QoxdbsHnrQH+/BdKxOwqF0=",
        "owner": "NixOS",
        "repo": "nixpkgs",
        "rev": "8a4c17493e5c39769f79117937c79e1c88de6729",
        "type": "github"
      },
      "original": {
        "owner": "NixOS",
        "ref": "nixos-23.05",
        "repo": "nixpkgs",
        "type": "github"
      }
    },
    "nixpkgs_2": {
      "locked": {
        "narHash": "sha256-mnQjUcYgp9Guu3RNVAB2Srr1TqKcPpRXmJf4LJk6KRY=",
        "rev": "fdd898f8f79e8d2f99ed2ab6b3751811ef683242",
        "revCount": 531102,
        "type": "tarball",
        "url": "https://api.flakehub.com/f/pinned/NixOS/nixpkgs/0.1.531102%2Brev-fdd898f8f79e8d2f99ed2ab6b3751811ef683242/018af92d-4afe-74eb-9205-c0d057d7a0e4/source.tar.gz"
      },
      "original": {
        "type": "tarball",
        "url": "https://flakehub.com/f/NixOS/nixpkgs/0.1.514192.tar.gz"
      }
    },
    "nixpkgs_3": {
      "locked": {
        "narHash": "sha256-Sv0ICt/pXfpnFhTGYTsX6lUr1SljnuXWejYTI2ZqHa4=",
        "rev": "81e8f48ebdecf07aab321182011b067aafc78896",
        "revCount": 532072,
        "type": "tarball",
        "url": "https://api.flakehub.com/f/pinned/NixOS/nixpkgs/0.1.532072%2Brev-81e8f48ebdecf07aab321182011b067aafc78896/018b060d-59d1-758a-85e0-f5f0a77f7192/source.tar.gz"
      },
      "original": {
        "type": "tarball",
        "url": "https://api.flakehub.com/f/NixOS/nixpkgs/0.1.0.tar.gz"
      }
    },
    "poetry2nix": {
      "inputs": {
        "flake-utils": [
          "flake-utils"
        ],
        "nix-github-actions": "nix-github-actions",
        "nixpkgs": [
          "nixpkgs"
        ]
      },
      "locked": {
        "lastModified": 1696512612,
        "narHash": "sha256-p6niqag7b4XEHvzWgG0X/xjoW/ZXbAxW8ggd8yReT3Y=",
        "owner": "nix-community",
        "repo": "poetry2nix",
        "rev": "e23218d1599e3369dfc878757e58974017e0ecc8",
        "type": "github"
      },
      "original": {
        "owner": "nix-community",
        "repo": "poetry2nix",
        "type": "github"
      }
    },
    "root": {
      "inputs": {
        "dt": "dt",
        "emacs-overlay": "emacs-overlay",
        "fh": "fh",
        "flake-parts": "flake-parts",
        "flake-utils": "flake-utils_2",
        "home-manager": "home-manager",
        "nixpkgs": "nixpkgs_3",
        "poetry2nix": "poetry2nix",
        "rtx": "rtx",
        "zsh-256color": "zsh-256color"
      }
    },
    "rtx": {
      "inputs": {
        "flake-utils": [
          "flake-utils"
        ],
        "nixpkgs": [
          "nixpkgs"
        ]
      },
      "locked": {
        "lastModified": 1696467252,
        "narHash": "sha256-ePFIyfN/JWowz129bsj54ayadtbPhU9IdH5p193ipDg=",
        "owner": "jdxcode",
        "repo": "rtx",
        "rev": "ecc082fa777e8a48e407f441cc378a0cd1339ef1",
        "type": "github"
      },
      "original": {
        "owner": "jdxcode",
        "repo": "rtx",
        "type": "github"
      }
    },
    "rust-analyzer-src": {
      "flake": false,
      "locked": {
        "lastModified": 1696050837,
        "narHash": "sha256-2K3Aq4gjPZBDnkAMJaMA4ElE+BNbmrqtSBWtt9kPGaM=",
        "owner": "rust-lang",
        "repo": "rust-analyzer",
        "rev": "0840038f02daec6ba3238f05d8caa037d28701a0",
        "type": "github"
      },
      "original": {
        "owner": "rust-lang",
        "ref": "nightly",
        "repo": "rust-analyzer",
        "type": "github"
      }
    },
    "systems": {
      "locked": {
        "lastModified": 1680978846,
        "narHash": "sha256-Gtqg8b/v49BFDpDetjclCYXm8mAnTrUzR0JnE2nv5aw=",
        "owner": "nix-systems",
        "repo": "x86_64-linux",
        "rev": "2ecfcac5e15790ba6ce360ceccddb15ad16d08a8",
        "type": "github"
      },
      "original": {
        "owner": "nix-systems",
        "repo": "x86_64-linux",
        "type": "github"
      }
    },
    "systems_2": {
      "locked": {
        "lastModified": 1681028828,
        "narHash": "sha256-Vy1rq5AaRuLzOxct8nz4T6wlgyUR7zLU309k9mBC768=",
        "owner": "nix-systems",
        "repo": "default",
        "rev": "da67096a3b9bf56a91d16901293e51ba5b49a27e",
        "type": "github"
      },
      "original": {
        "owner": "nix-systems",
        "repo": "default",
        "type": "github"
      }
    },
    "zsh-256color": {
      "flake": false,
      "locked": {
        "lastModified": 1663105634,
        "narHash": "sha256-P/pbpDJmsMSZkNi5GjVTDy7R+OxaIVZhb/bEnYQlaLo=",
        "owner": "chrissicool",
        "repo": "zsh-256color",
        "rev": "559fee48bb74b75cec8b9887f8f3e046f01d5d8f",
        "type": "github"
      },
      "original": {
        "owner": "chrissicool",
        "repo": "zsh-256color",
        "type": "github"
      }
    }
  },
  "root": "root",
  "version": 7
}
