name: update-flake-lock
on:
  workflow_dispatch: # allows manual triggering
  schedule:
    - cron: '0 0 * * 0' # runs weekly on Sunday at 00:00

jobs:
  lockfile:
    runs-on: ubuntu-latest
    steps:
      - name: Checkout repository
        uses: actions/checkout@v3
      - name: Install Nix
        uses: DeterminateSystems/nix-installer-action@main
      - name: Update flake.lock
        uses: DeterminateSystems/update-flake-lock@main
        with:
          pr-title: "chore: update flake.lock" # Title of PR to be created
          pr-labels: |                  # Labels to be set on the PR
            dependencies
            automated
          commit-msg: "chore: update flake.lock"
          sign-commits: true
          gpg-private-key: ${{ secrets.GPG_PRIVATE_KEY }}
          gpg-fingerprint: ${{ secrets.GPG_FINGERPRINT }}
          gpg-passphrase: ${{ secrets.GPG_PASSPHRASE }}
